
Microsoft Visual Studio Solution File, Format Version 12.00
# Visual Studio Version 17
VisualStudioVersion = 17.11.35219.272
MinimumVisualStudioVersion = 10.0.40219.1
Project("{FAE04EC0-301F-11D3-BF4B-00C04F79EFBC}") = "PromedioAlumno", "PromedioAlumno\PromedioAlumno.csproj", "{72F6ECE2-F691-496E-8BF4-43416EF5F36B}"
EndProject
Global
	GlobalSection(SolutionConfigurationPlatforms) = preSolution
		Debug|Any CPU = Debug|Any CPU
		Release|Any CPU = Release|Any CPU
	EndGlobalSection
	GlobalSection(ProjectConfigurationPlatforms) = postSolution
		{72F6ECE2-F691-496E-8BF4-43416EF5F36B}.Debug|Any CPU.ActiveCfg = Debug|Any CPU
		{72F6ECE2-F691-496E-8BF4-43416EF5F36B}.Debug|Any CPU.Build.0 = Debug|Any CPU
		{72F6ECE2-F691-496E-8BF4-43416EF5F36B}.Release|Any CPU.ActiveCfg = Release|Any CPU
		{72F6ECE2-F691-496E-8BF4-43416EF5F36B}.Release|Any CPU.Build.0 = Release|Any CPU
	EndGlobalSection
	GlobalSection(SolutionProperties) = preSolution
		HideSolutionNode = FALSE
	EndGlobalSection
	GlobalSection(ExtensibilityGlobals) = postSolution
		SolutionGuid = {A55E4D07-AB60-4763-9BAE-AAE9FBD900AE}
	EndGlobalSection
EndGlobal
