
Microsoft Visual Studio Solution File, Format Version 12.00
# Visual Studio Version 17
VisualStudioVersion = 17.11.35219.272
MinimumVisualStudioVersion = 10.0.40219.1
Project("{FAE04EC0-301F-11D3-BF4B-00C04F79EFBC}") = "Persona2024B", "Persona2024B\Persona2024B.csproj", "{4ACA3221-5C5E-47CA-8873-A846A7385B76}"
EndProject
Global
	GlobalSection(SolutionConfigurationPlatforms) = preSolution
		Debug|Any CPU = Debug|Any CPU
		Release|Any CPU = Release|Any CPU
	EndGlobalSection
	GlobalSection(ProjectConfigurationPlatforms) = postSolution
		{4ACA3221-5C5E-47CA-8873-A846A7385B76}.Debug|Any CPU.ActiveCfg = Debug|Any CPU
		{4ACA3221-5C5E-47CA-8873-A846A7385B76}.Debug|Any CPU.Build.0 = Debug|Any CPU
		{4ACA3221-5C5E-47CA-8873-A846A7385B76}.Release|Any CPU.ActiveCfg = Release|Any CPU
		{4ACA3221-5C5E-47CA-8873-A846A7385B76}.Release|Any CPU.Build.0 = Release|Any CPU
	EndGlobalSection
	GlobalSection(SolutionProperties) = preSolution
		HideSolutionNode = FALSE
	EndGlobalSection
	GlobalSection(ExtensibilityGlobals) = postSolution
		SolutionGuid = {5DED28AC-67D3-4A53-A1C2-7573477B0A2E}
	EndGlobalSection
EndGlobal
